
Microsoft Visual Studio Solution File, Format Version 12.00
# Visual Studio Version 16
VisualStudioVersion = 16.0.31205.134
MinimumVisualStudioVersion = 10.0.40219.1
Project("{9A19103F-16F7-4668-BE54-9A1E7A4F7556}") = "OgrenciNot", "OgrenciNot\OgrenciNot.csproj", "{A27FD093-1373-44BB-BF31-4FD3EBACFE94}"
EndProject
Project("{FAE04EC0-301F-11D3-BF4B-00C04F79EFBC}") = "ENTITYLAYER", "ENTITYLAYER\ENTITYLAYER.csproj", "{45C13258-4913-4411-9741-3368481F7343}"
EndProject
Project("{FAE04EC0-301F-11D3-BF4B-00C04F79EFBC}") = "FACADELAYER", "FACADELAYER\FACADELAYER.csproj", "{62F8C6AD-2F27-4FF9-AD5A-B0270CEAC0E4}"
EndProject
Project("{FAE04EC0-301F-11D3-BF4B-00C04F79EFBC}") = "BUSINESSLOGICLAYER", "BUSINESSLOGICLAYER\BUSINESSLOGICLAYER.csproj", "{D8B3619D-003C-448F-BD01-225F19B89155}"
EndProject
Global
	GlobalSection(SolutionConfigurationPlatforms) = preSolution
		Debug|Any CPU = Debug|Any CPU
		Release|Any CPU = Release|Any CPU
	EndGlobalSection
	GlobalSection(ProjectConfigurationPlatforms) = postSolution
		{A27FD093-1373-44BB-BF31-4FD3EBACFE94}.Debug|Any CPU.ActiveCfg = Debug|Any CPU
		{A27FD093-1373-44BB-BF31-4FD3EBACFE94}.Debug|Any CPU.Build.0 = Debug|Any CPU
		{A27FD093-1373-44BB-BF31-4FD3EBACFE94}.Release|Any CPU.ActiveCfg = Release|Any CPU
		{A27FD093-1373-44BB-BF31-4FD3EBACFE94}.Release|Any CPU.Build.0 = Release|Any CPU
		{45C13258-4913-4411-9741-3368481F7343}.Debug|Any CPU.ActiveCfg = Debug|Any CPU
		{45C13258-4913-4411-9741-3368481F7343}.Debug|Any CPU.Build.0 = Debug|Any CPU
		{45C13258-4913-4411-9741-3368481F7343}.Release|Any CPU.ActiveCfg = Release|Any CPU
		{45C13258-4913-4411-9741-3368481F7343}.Release|Any CPU.Build.0 = Release|Any CPU
		{62F8C6AD-2F27-4FF9-AD5A-B0270CEAC0E4}.Debug|Any CPU.ActiveCfg = Debug|Any CPU
		{62F8C6AD-2F27-4FF9-AD5A-B0270CEAC0E4}.Debug|Any CPU.Build.0 = Debug|Any CPU
		{62F8C6AD-2F27-4FF9-AD5A-B0270CEAC0E4}.Release|Any CPU.ActiveCfg = Release|Any CPU
		{62F8C6AD-2F27-4FF9-AD5A-B0270CEAC0E4}.Release|Any CPU.Build.0 = Release|Any CPU
		{D8B3619D-003C-448F-BD01-225F19B89155}.Debug|Any CPU.ActiveCfg = Debug|Any CPU
		{D8B3619D-003C-448F-BD01-225F19B89155}.Debug|Any CPU.Build.0 = Debug|Any CPU
		{D8B3619D-003C-448F-BD01-225F19B89155}.Release|Any CPU.ActiveCfg = Release|Any CPU
		{D8B3619D-003C-448F-BD01-225F19B89155}.Release|Any CPU.Build.0 = Release|Any CPU
	EndGlobalSection
	GlobalSection(SolutionProperties) = preSolution
		HideSolutionNode = FALSE
	EndGlobalSection
	GlobalSection(ExtensibilityGlobals) = postSolution
		SolutionGuid = {40390328-0940-49FF-9509-8AE70E41BA33}
	EndGlobalSection
EndGlobal
